// !$*UTF8*$!
{
	archiveVersion = 1;
	classes = {
	};
	objectVersion = 48;
	objects = {

/* Begin PBXBuildFile section */
		8071DF551FDB087100BD6AAE /* AppCoordinator.swift in Sources */ = {isa = PBXBuildFile; fileRef = 8071DF541FDB087100BD6AAE /* AppCoordinator.swift */; };
		80FF1E821FDD251600D300AB /* LoginFlowDelegate.swift in Sources */ = {isa = PBXBuildFile; fileRef = 80FF1E811FDD251600D300AB /* LoginFlowDelegate.swift */; };
		80FF1E851FDD2B2A00D300AB /* Utils.swift in Sources */ = {isa = PBXBuildFile; fileRef = 80FF1E841FDD2B2A00D300AB /* Utils.swift */; };
		80FF1E871FDD2CAC00D300AB /* AlbumListVC.swift in Sources */ = {isa = PBXBuildFile; fileRef = 80FF1E861FDD2CAC00D300AB /* AlbumListVC.swift */; };
		80FF1E891FDD2D1400D300AB /* AlbumListViewModelType.swift in Sources */ = {isa = PBXBuildFile; fileRef = 80FF1E881FDD2D1400D300AB /* AlbumListViewModelType.swift */; };
		80FF1E8B1FDD396200D300AB /* Result.swift in Sources */ = {isa = PBXBuildFile; fileRef = 80FF1E8A1FDD396200D300AB /* Result.swift */; };
		C6DDC17244BA32C05154E738 /* Pods_Facebook_Photo_Viewer.framework in Frameworks */ = {isa = PBXBuildFile; fileRef = A7D5533A3265667753872F1F /* Pods_Facebook_Photo_Viewer.framework */; };
		E6C13A291FDAECC500FD5425 /* AppDelegate.swift in Sources */ = {isa = PBXBuildFile; fileRef = E6C13A281FDAECC500FD5425 /* AppDelegate.swift */; };
		E6C13A2B1FDAECC500FD5425 /* LoginVC.swift in Sources */ = {isa = PBXBuildFile; fileRef = E6C13A2A1FDAECC500FD5425 /* LoginVC.swift */; };
		E6C13A2E1FDAECC500FD5425 /* Main.storyboard in Resources */ = {isa = PBXBuildFile; fileRef = E6C13A2C1FDAECC500FD5425 /* Main.storyboard */; };
		E6C13A301FDAECC500FD5425 /* Assets.xcassets in Resources */ = {isa = PBXBuildFile; fileRef = E6C13A2F1FDAECC500FD5425 /* Assets.xcassets */; };
		E6C13A331FDAECC500FD5425 /* LaunchScreen.storyboard in Resources */ = {isa = PBXBuildFile; fileRef = E6C13A311FDAECC500FD5425 /* LaunchScreen.storyboard */; };
/* End PBXBuildFile section */

/* Begin PBXFileReference section */
		1EB4682BB585B4FFA56DB1B5 /* Pods-Facebook Photo Viewer.release.xcconfig */ = {isa = PBXFileReference; includeInIndex = 1; lastKnownFileType = text.xcconfig; name = "Pods-Facebook Photo Viewer.release.xcconfig"; path = "Pods/Target Support Files/Pods-Facebook Photo Viewer/Pods-Facebook Photo Viewer.release.xcconfig"; sourceTree = "<group>"; };
		8071DF541FDB087100BD6AAE /* AppCoordinator.swift */ = {isa = PBXFileReference; lastKnownFileType = sourcecode.swift; path = AppCoordinator.swift; sourceTree = "<group>"; };
		80FF1E811FDD251600D300AB /* LoginFlowDelegate.swift */ = {isa = PBXFileReference; lastKnownFileType = sourcecode.swift; path = LoginFlowDelegate.swift; sourceTree = "<group>"; };
		80FF1E841FDD2B2A00D300AB /* Utils.swift */ = {isa = PBXFileReference; lastKnownFileType = sourcecode.swift; path = Utils.swift; sourceTree = "<group>"; };
		80FF1E861FDD2CAC00D300AB /* AlbumListVC.swift */ = {isa = PBXFileReference; lastKnownFileType = sourcecode.swift; path = AlbumListVC.swift; sourceTree = "<group>"; };
		80FF1E881FDD2D1400D300AB /* AlbumListViewModelType.swift */ = {isa = PBXFileReference; lastKnownFileType = sourcecode.swift; path = AlbumListViewModelType.swift; sourceTree = "<group>"; };
		80FF1E8A1FDD396200D300AB /* Result.swift */ = {isa = PBXFileReference; lastKnownFileType = sourcecode.swift; path = Result.swift; sourceTree = "<group>"; };
		A234C0EC2952682229B14DEF /* Pods-Facebook Photo Viewer.debug.xcconfig */ = {isa = PBXFileReference; includeInIndex = 1; lastKnownFileType = text.xcconfig; name = "Pods-Facebook Photo Viewer.debug.xcconfig"; path = "Pods/Target Support Files/Pods-Facebook Photo Viewer/Pods-Facebook Photo Viewer.debug.xcconfig"; sourceTree = "<group>"; };
		A7D5533A3265667753872F1F /* Pods_Facebook_Photo_Viewer.framework */ = {isa = PBXFileReference; explicitFileType = wrapper.framework; includeInIndex = 0; path = Pods_Facebook_Photo_Viewer.framework; sourceTree = BUILT_PRODUCTS_DIR; };
		E6C13A251FDAECC500FD5425 /* Facebook Photo Viewer.app */ = {isa = PBXFileReference; explicitFileType = wrapper.application; includeInIndex = 0; path = "Facebook Photo Viewer.app"; sourceTree = BUILT_PRODUCTS_DIR; };
		E6C13A281FDAECC500FD5425 /* AppDelegate.swift */ = {isa = PBXFileReference; lastKnownFileType = sourcecode.swift; path = AppDelegate.swift; sourceTree = "<group>"; };
		E6C13A2A1FDAECC500FD5425 /* LoginVC.swift */ = {isa = PBXFileReference; lastKnownFileType = sourcecode.swift; path = LoginVC.swift; sourceTree = "<group>"; };
		E6C13A2D1FDAECC500FD5425 /* Base */ = {isa = PBXFileReference; lastKnownFileType = file.storyboard; name = Base; path = Base.lproj/Main.storyboard; sourceTree = "<group>"; };
		E6C13A2F1FDAECC500FD5425 /* Assets.xcassets */ = {isa = PBXFileReference; lastKnownFileType = folder.assetcatalog; path = Assets.xcassets; sourceTree = "<group>"; };
		E6C13A321FDAECC500FD5425 /* Base */ = {isa = PBXFileReference; lastKnownFileType = file.storyboard; name = Base; path = Base.lproj/LaunchScreen.storyboard; sourceTree = "<group>"; };
		E6C13A341FDAECC500FD5425 /* Info.plist */ = {isa = PBXFileReference; lastKnownFileType = text.plist.xml; path = Info.plist; sourceTree = "<group>"; };
/* End PBXFileReference section */

/* Begin PBXFrameworksBuildPhase section */
		E6C13A221FDAECC500FD5425 /* Frameworks */ = {
			isa = PBXFrameworksBuildPhase;
			buildActionMask = 2147483647;
			files = (
				C6DDC17244BA32C05154E738 /* Pods_Facebook_Photo_Viewer.framework in Frameworks */,
			);
			runOnlyForDeploymentPostprocessing = 0;
		};
/* End PBXFrameworksBuildPhase section */

/* Begin PBXGroup section */
		1EF77B29EC1871EC8BC75D9F /* Pods */ = {
			isa = PBXGroup;
			children = (
				A234C0EC2952682229B14DEF /* Pods-Facebook Photo Viewer.debug.xcconfig */,
				1EB4682BB585B4FFA56DB1B5 /* Pods-Facebook Photo Viewer.release.xcconfig */,
			);
			name = Pods;
			sourceTree = "<group>";
		};
		80FF1E7F1FDD234500D300AB /* Coordinators */ = {
			isa = PBXGroup;
			children = (
				8071DF541FDB087100BD6AAE /* AppCoordinator.swift */,
			);
			path = Coordinators;
			sourceTree = "<group>";
		};
		80FF1E801FDD235400D300AB /* VC */ = {
			isa = PBXGroup;
			children = (
				E6C13A2A1FDAECC500FD5425 /* LoginVC.swift */,
				80FF1E861FDD2CAC00D300AB /* AlbumListVC.swift */,
			);
			path = VC;
			sourceTree = "<group>";
		};
		80FF1E831FDD251B00D300AB /* Protocols */ = {
			isa = PBXGroup;
			children = (
				80FF1E811FDD251600D300AB /* LoginFlowDelegate.swift */,
				80FF1E881FDD2D1400D300AB /* AlbumListViewModelType.swift */,
			);
			path = Protocols;
			sourceTree = "<group>";
		};
		80FF1E8C1FDD399900D300AB /* Models */ = {
			isa = PBXGroup;
			children = (
				80FF1E8A1FDD396200D300AB /* Result.swift */,
			);
			path = Models;
			sourceTree = "<group>";
		};
		80FF1E8D1FDD39A100D300AB /* Helpers */ = {
			isa = PBXGroup;
			children = (
				80FF1E841FDD2B2A00D300AB /* Utils.swift */,
			);
			path = Helpers;
			sourceTree = "<group>";
		};
		B4B7A1F4F29F3D4BF5D3BEC6 /* Frameworks */ = {
			isa = PBXGroup;
			children = (
				A7D5533A3265667753872F1F /* Pods_Facebook_Photo_Viewer.framework */,
			);
			name = Frameworks;
			sourceTree = "<group>";
		};
		E6C13A1C1FDAECC500FD5425 = {
			isa = PBXGroup;
			children = (
				E6C13A271FDAECC500FD5425 /* Facebook Photo Viewer */,
				E6C13A261FDAECC500FD5425 /* Products */,
				1EF77B29EC1871EC8BC75D9F /* Pods */,
				B4B7A1F4F29F3D4BF5D3BEC6 /* Frameworks */,
			);
			sourceTree = "<group>";
		};
		E6C13A261FDAECC500FD5425 /* Products */ = {
			isa = PBXGroup;
			children = (
				E6C13A251FDAECC500FD5425 /* Facebook Photo Viewer.app */,
			);
			name = Products;
			sourceTree = "<group>";
		};
		E6C13A271FDAECC500FD5425 /* Facebook Photo Viewer */ = {
			isa = PBXGroup;
			children = (
				E6C13A281FDAECC500FD5425 /* AppDelegate.swift */,
				80FF1E801FDD235400D300AB /* VC */,
				80FF1E7F1FDD234500D300AB /* Coordinators */,
				E6C13A2C1FDAECC500FD5425 /* Main.storyboard */,
				E6C13A2F1FDAECC500FD5425 /* Assets.xcassets */,
				E6C13A311FDAECC500FD5425 /* LaunchScreen.storyboard */,
				E6C13A341FDAECC500FD5425 /* Info.plist */,
				80FF1E831FDD251B00D300AB /* Protocols */,
				80FF1E8D1FDD39A100D300AB /* Helpers */,
				80FF1E8C1FDD399900D300AB /* Models */,
			);
			path = "Facebook Photo Viewer";
			sourceTree = "<group>";
		};
/* End PBXGroup section */

/* Begin PBXNativeTarget section */
		E6C13A241FDAECC500FD5425 /* Facebook Photo Viewer */ = {
			isa = PBXNativeTarget;
			buildConfigurationList = E6C13A371FDAECC500FD5425 /* Build configuration list for PBXNativeTarget "Facebook Photo Viewer" */;
			buildPhases = (
				B7F11F7B54F12B52B7A2CFF7 /* [CP] Check Pods Manifest.lock */,
				E6C13A211FDAECC500FD5425 /* Sources */,
				E6C13A221FDAECC500FD5425 /* Frameworks */,
				E6C13A231FDAECC500FD5425 /* Resources */,
				FF791176956923E0DCAAB2D4 /* [CP] Embed Pods Frameworks */,
				09A1D975250A6EBFB475DB80 /* [CP] Copy Pods Resources */,
			);
			buildRules = (
			);
			dependencies = (
			);
			name = "Facebook Photo Viewer";
			productName = "Facebook Photo Viewer";
			productReference = E6C13A251FDAECC500FD5425 /* Facebook Photo Viewer.app */;
			productType = "com.apple.product-type.application";
		};
/* End PBXNativeTarget section */

/* Begin PBXProject section */
		E6C13A1D1FDAECC500FD5425 /* Project object */ = {
			isa = PBXProject;
			attributes = {
				LastSwiftUpdateCheck = 0920;
				LastUpgradeCheck = 0920;
				ORGANIZATIONNAME = svch;
				TargetAttributes = {
					E6C13A241FDAECC500FD5425 = {
						CreatedOnToolsVersion = 9.2;
						ProvisioningStyle = Automatic;
					};
				};
			};
			buildConfigurationList = E6C13A201FDAECC500FD5425 /* Build configuration list for PBXProject "Facebook Photo Viewer" */;
			compatibilityVersion = "Xcode 8.0";
			developmentRegion = en;
			hasScannedForEncodings = 0;
			knownRegions = (
				en,
				Base,
			);
			mainGroup = E6C13A1C1FDAECC500FD5425;
			productRefGroup = E6C13A261FDAECC500FD5425 /* Products */;
			projectDirPath = "";
			projectRoot = "";
			targets = (
				E6C13A241FDAECC500FD5425 /* Facebook Photo Viewer */,
			);
		};
/* End PBXProject section */

/* Begin PBXResourcesBuildPhase section */
		E6C13A231FDAECC500FD5425 /* Resources */ = {
			isa = PBXResourcesBuildPhase;
			buildActionMask = 2147483647;
			files = (
				E6C13A331FDAECC500FD5425 /* LaunchScreen.storyboard in Resources */,
				E6C13A301FDAECC500FD5425 /* Assets.xcassets in Resources */,
				E6C13A2E1FDAECC500FD5425 /* Main.storyboard in Resources */,
			);
			runOnlyForDeploymentPostprocessing = 0;
		};
/* End PBXResourcesBuildPhase section */

/* Begin PBXShellScriptBuildPhase section */
		09A1D975250A6EBFB475DB80 /* [CP] Copy Pods Resources */ = {
			isa = PBXShellScriptBuildPhase;
			buildActionMask = 2147483647;
			files = (
			);
			inputPaths = (
			);
			name = "[CP] Copy Pods Resources";
			outputPaths = (
			);
			runOnlyForDeploymentPostprocessing = 0;
			shellPath = /bin/sh;
			shellScript = "\"${SRCROOT}/Pods/Target Support Files/Pods-Facebook Photo Viewer/Pods-Facebook Photo Viewer-resources.sh\"\n";
			showEnvVarsInLog = 0;
		};
		B7F11F7B54F12B52B7A2CFF7 /* [CP] Check Pods Manifest.lock */ = {
			isa = PBXShellScriptBuildPhase;
			buildActionMask = 2147483647;
			files = (
			);
			inputPaths = (
				"${PODS_PODFILE_DIR_PATH}/Podfile.lock",
				"${PODS_ROOT}/Manifest.lock",
			);
			name = "[CP] Check Pods Manifest.lock";
			outputPaths = (
				"$(DERIVED_FILE_DIR)/Pods-Facebook Photo Viewer-checkManifestLockResult.txt",
			);
			runOnlyForDeploymentPostprocessing = 0;
			shellPath = /bin/sh;
			shellScript = "diff \"${PODS_PODFILE_DIR_PATH}/Podfile.lock\" \"${PODS_ROOT}/Manifest.lock\" > /dev/null\nif [ $? != 0 ] ; then\n    # print error to STDERR\n    echo \"error: The sandbox is not in sync with the Podfile.lock. Run 'pod install' or update your CocoaPods installation.\" >&2\n    exit 1\nfi\n# This output is used by Xcode 'outputs' to avoid re-running this script phase.\necho \"SUCCESS\" > \"${SCRIPT_OUTPUT_FILE_0}\"\n";
			showEnvVarsInLog = 0;
		};
		FF791176956923E0DCAAB2D4 /* [CP] Embed Pods Frameworks */ = {
			isa = PBXShellScriptBuildPhase;
			buildActionMask = 2147483647;
			files = (
			);
			inputPaths = (
				"${SRCROOT}/Pods/Target Support Files/Pods-Facebook Photo Viewer/Pods-Facebook Photo Viewer-frameworks.sh",
				"${BUILT_PRODUCTS_DIR}/Bolts/Bolts.framework",
				"${BUILT_PRODUCTS_DIR}/FBSDKCoreKit/FBSDKCoreKit.framework",
				"${BUILT_PRODUCTS_DIR}/FBSDKLoginKit/FBSDKLoginKit.framework",
				"${BUILT_PRODUCTS_DIR}/FBSDKShareKit/FBSDKShareKit.framework",
				"${BUILT_PRODUCTS_DIR}/FacebookCore/FacebookCore.framework",
				"${BUILT_PRODUCTS_DIR}/FacebookLogin/FacebookLogin.framework",
				"${BUILT_PRODUCTS_DIR}/FacebookShare/FacebookShare.framework",
			);
			name = "[CP] Embed Pods Frameworks";
			outputPaths = (
				"${TARGET_BUILD_DIR}/${FRAMEWORKS_FOLDER_PATH}/Bolts.framework",
				"${TARGET_BUILD_DIR}/${FRAMEWORKS_FOLDER_PATH}/FBSDKCoreKit.framework",
				"${TARGET_BUILD_DIR}/${FRAMEWORKS_FOLDER_PATH}/FBSDKLoginKit.framework",
				"${TARGET_BUILD_DIR}/${FRAMEWORKS_FOLDER_PATH}/FBSDKShareKit.framework",
				"${TARGET_BUILD_DIR}/${FRAMEWORKS_FOLDER_PATH}/FacebookCore.framework",
				"${TARGET_BUILD_DIR}/${FRAMEWORKS_FOLDER_PATH}/FacebookLogin.framework",
				"${TARGET_BUILD_DIR}/${FRAMEWORKS_FOLDER_PATH}/FacebookShare.framework",
			);
			runOnlyForDeploymentPostprocessing = 0;
			shellPath = /bin/sh;
			shellScript = "\"${SRCROOT}/Pods/Target Support Files/Pods-Facebook Photo Viewer/Pods-Facebook Photo Viewer-frameworks.sh\"\n";
			showEnvVarsInLog = 0;
		};
/* End PBXShellScriptBuildPhase section */

/* Begin PBXSourcesBuildPhase section */
		E6C13A211FDAECC500FD5425 /* Sources */ = {
			isa = PBXSourcesBuildPhase;
			buildActionMask = 2147483647;
			files = (
				80FF1E891FDD2D1400D300AB /* AlbumListViewModelType.swift in Sources */,
				80FF1E851FDD2B2A00D300AB /* Utils.swift in Sources */,
				8071DF551FDB087100BD6AAE /* AppCoordinator.swift in Sources */,
				E6C13A2B1FDAECC500FD5425 /* LoginVC.swift in Sources */,
				80FF1E821FDD251600D300AB /* LoginFlowDelegate.swift in Sources */,
				80FF1E871FDD2CAC00D300AB /* AlbumListVC.swift in Sources */,
				80FF1E8B1FDD396200D300AB /* Result.swift in Sources */,
				E6C13A291FDAECC500FD5425 /* AppDelegate.swift in Sources */,
			);
			runOnlyForDeploymentPostprocessing = 0;
		};
/* End PBXSourcesBuildPhase section */

/* Begin PBXVariantGroup section */
		E6C13A2C1FDAECC500FD5425 /* Main.storyboard */ = {
			isa = PBXVariantGroup;
			children = (
				E6C13A2D1FDAECC500FD5425 /* Base */,
			);
			name = Main.storyboard;
			sourceTree = "<group>";
		};
		E6C13A311FDAECC500FD5425 /* LaunchScreen.storyboard */ = {
			isa = PBXVariantGroup;
			children = (
				E6C13A321FDAECC500FD5425 /* Base */,
			);
			name = LaunchScreen.storyboard;
			sourceTree = "<group>";
		};
/* End PBXVariantGroup section */

/* Begin XCBuildConfiguration section */
		E6C13A351FDAECC500FD5425 /* Debug */ = {
			isa = XCBuildConfiguration;
			buildSettings = {
				ALWAYS_SEARCH_USER_PATHS = NO;
				CLANG_ANALYZER_NONNULL = YES;
				CLANG_ANALYZER_NUMBER_OBJECT_CONVERSION = YES_AGGRESSIVE;
				CLANG_CXX_LANGUAGE_STANDARD = "gnu++14";
				CLANG_CXX_LIBRARY = "libc++";
				CLANG_ENABLE_MODULES = YES;
				CLANG_ENABLE_OBJC_ARC = YES;
				CLANG_WARN_BLOCK_CAPTURE_AUTORELEASING = YES;
				CLANG_WARN_BOOL_CONVERSION = YES;
				CLANG_WARN_COMMA = YES;
				CLANG_WARN_CONSTANT_CONVERSION = YES;
				CLANG_WARN_DIRECT_OBJC_ISA_USAGE = YES_ERROR;
				CLANG_WARN_DOCUMENTATION_COMMENTS = YES;
				CLANG_WARN_EMPTY_BODY = YES;
				CLANG_WARN_ENUM_CONVERSION = YES;
				CLANG_WARN_INFINITE_RECURSION = YES;
				CLANG_WARN_INT_CONVERSION = YES;
				CLANG_WARN_NON_LITERAL_NULL_CONVERSION = YES;
				CLANG_WARN_OBJC_LITERAL_CONVERSION = YES;
				CLANG_WARN_OBJC_ROOT_CLASS = YES_ERROR;
				CLANG_WARN_RANGE_LOOP_ANALYSIS = YES;
				CLANG_WARN_STRICT_PROTOTYPES = YES;
				CLANG_WARN_SUSPICIOUS_MOVE = YES;
				CLANG_WARN_UNGUARDED_AVAILABILITY = YES_AGGRESSIVE;
				CLANG_WARN_UNREACHABLE_CODE = YES;
				CLANG_WARN__DUPLICATE_METHOD_MATCH = YES;
				CODE_SIGN_IDENTITY = "iPhone Developer";
				COPY_PHASE_STRIP = NO;
				DEBUG_INFORMATION_FORMAT = dwarf;
				ENABLE_STRICT_OBJC_MSGSEND = YES;
				ENABLE_TESTABILITY = YES;
				GCC_C_LANGUAGE_STANDARD = gnu11;
				GCC_DYNAMIC_NO_PIC = NO;
				GCC_NO_COMMON_BLOCKS = YES;
				GCC_OPTIMIZATION_LEVEL = 0;
				GCC_PREPROCESSOR_DEFINITIONS = (
					"DEBUG=1",
					"$(inherited)",
				);
				GCC_WARN_64_TO_32_BIT_CONVERSION = YES;
				GCC_WARN_ABOUT_RETURN_TYPE = YES_ERROR;
				GCC_WARN_UNDECLARED_SELECTOR = YES;
				GCC_WARN_UNINITIALIZED_AUTOS = YES_AGGRESSIVE;
				GCC_WARN_UNUSED_FUNCTION = YES;
				GCC_WARN_UNUSED_VARIABLE = YES;
				IPHONEOS_DEPLOYMENT_TARGET = 11.2;
				MTL_ENABLE_DEBUG_INFO = YES;
				ONLY_ACTIVE_ARCH = YES;
				SDKROOT = iphoneos;
				SWIFT_ACTIVE_COMPILATION_CONDITIONS = DEBUG;
				SWIFT_OPTIMIZATION_LEVEL = "-Onone";
			};
			name = Debug;
		};
		E6C13A361FDAECC500FD5425 /* Release */ = {
			isa = XCBuildConfiguration;
			buildSettings = {
				ALWAYS_SEARCH_USER_PATHS = NO;
				CLANG_ANALYZER_NONNULL = YES;
				CLANG_ANALYZER_NUMBER_OBJECT_CONVERSION = YES_AGGRESSIVE;
				CLANG_CXX_LANGUAGE_STANDARD = "gnu++14";
				CLANG_CXX_LIBRARY = "libc++";
				CLANG_ENABLE_MODULES = YES;
				CLANG_ENABLE_OBJC_ARC = YES;
				CLANG_WARN_BLOCK_CAPTURE_AUTORELEASING = YES;
				CLANG_WARN_BOOL_CONVERSION = YES;
				CLANG_WARN_COMMA = YES;
				CLANG_WARN_CONSTANT_CONVERSION = YES;
				CLANG_WARN_DIRECT_OBJC_ISA_USAGE = YES_ERROR;
				CLANG_WARN_DOCUMENTATION_COMMENTS = YES;
				CLANG_WARN_EMPTY_BODY = YES;
				CLANG_WARN_ENUM_CONVERSION = YES;
				CLANG_WARN_INFINITE_RECURSION = YES;
				CLANG_WARN_INT_CONVERSION = YES;
				CLANG_WARN_NON_LITERAL_NULL_CONVERSION = YES;
				CLANG_WARN_OBJC_LITERAL_CONVERSION = YES;
				CLANG_WARN_OBJC_ROOT_CLASS = YES_ERROR;
				CLANG_WARN_RANGE_LOOP_ANALYSIS = YES;
				CLANG_WARN_STRICT_PROTOTYPES = YES;
				CLANG_WARN_SUSPICIOUS_MOVE = YES;
				CLANG_WARN_UNGUARDED_AVAILABILITY = YES_AGGRESSIVE;
				CLANG_WARN_UNREACHABLE_CODE = YES;
				CLANG_WARN__DUPLICATE_METHOD_MATCH = YES;
				CODE_SIGN_IDENTITY = "iPhone Developer";
				COPY_PHASE_STRIP = NO;
				DEBUG_INFORMATION_FORMAT = "dwarf-with-dsym";
				ENABLE_NS_ASSERTIONS = NO;
				ENABLE_STRICT_OBJC_MSGSEND = YES;
				GCC_C_LANGUAGE_STANDARD = gnu11;
				GCC_NO_COMMON_BLOCKS = YES;
				GCC_WARN_64_TO_32_BIT_CONVERSION = YES;
				GCC_WARN_ABOUT_RETURN_TYPE = YES_ERROR;
				GCC_WARN_UNDECLARED_SELECTOR = YES;
				GCC_WARN_UNINITIALIZED_AUTOS = YES_AGGRESSIVE;
				GCC_WARN_UNUSED_FUNCTION = YES;
				GCC_WARN_UNUSED_VARIABLE = YES;
				IPHONEOS_DEPLOYMENT_TARGET = 11.2;
				MTL_ENABLE_DEBUG_INFO = NO;
				SDKROOT = iphoneos;
				SWIFT_OPTIMIZATION_LEVEL = "-Owholemodule";
				VALIDATE_PRODUCT = YES;
			};
			name = Release;
		};
		E6C13A381FDAECC500FD5425 /* Debug */ = {
			isa = XCBuildConfiguration;
			baseConfigurationReference = A234C0EC2952682229B14DEF /* Pods-Facebook Photo Viewer.debug.xcconfig */;
			buildSettings = {
				ASSETCATALOG_COMPILER_APPICON_NAME = AppIcon;
				CODE_SIGN_STYLE = Automatic;
				DEVELOPMENT_TEAM = N35W696BYS;
				INFOPLIST_FILE = "Facebook Photo Viewer/Info.plist";
				LD_RUNPATH_SEARCH_PATHS = "$(inherited) @executable_path/Frameworks";
				PRODUCT_BUNDLE_IDENTIFIER = "svch.Facebook-Photo-Viewer";
				PRODUCT_NAME = "$(TARGET_NAME)";
				SWIFT_VERSION = 4.0;
				TARGETED_DEVICE_FAMILY = "1,2";
			};
			name = Debug;
		};
		E6C13A391FDAECC500FD5425 /* Release */ = {
			isa = XCBuildConfiguration;
			baseConfigurationReference = 1EB4682BB585B4FFA56DB1B5 /* Pods-Facebook Photo Viewer.release.xcconfig */;
			buildSettings = {
				ASSETCATALOG_COMPILER_APPICON_NAME = AppIcon;
				CODE_SIGN_STYLE = Automatic;
				DEVELOPMENT_TEAM = N35W696BYS;
				INFOPLIST_FILE = "Facebook Photo Viewer/Info.plist";
				LD_RUNPATH_SEARCH_PATHS = "$(inherited) @executable_path/Frameworks";
				PRODUCT_BUNDLE_IDENTIFIER = "svch.Facebook-Photo-Viewer";
				PRODUCT_NAME = "$(TARGET_NAME)";
				SWIFT_VERSION = 4.0;
				TARGETED_DEVICE_FAMILY = "1,2";
			};
			name = Release;
		};
/* End XCBuildConfiguration section */

/* Begin XCConfigurationList section */
		E6C13A201FDAECC500FD5425 /* Build configuration list for PBXProject "Facebook Photo Viewer" */ = {
			isa = XCConfigurationList;
			buildConfigurations = (
				E6C13A351FDAECC500FD5425 /* Debug */,
				E6C13A361FDAECC500FD5425 /* Release */,
			);
			defaultConfigurationIsVisible = 0;
			defaultConfigurationName = Release;
		};
		E6C13A371FDAECC500FD5425 /* Build configuration list for PBXNativeTarget "Facebook Photo Viewer" */ = {
			isa = XCConfigurationList;
			buildConfigurations = (
				E6C13A381FDAECC500FD5425 /* Debug */,
				E6C13A391FDAECC500FD5425 /* Release */,
			);
			defaultConfigurationIsVisible = 0;
			defaultConfigurationName = Release;
		};
/* End XCConfigurationList section */
	};
	rootObject = E6C13A1D1FDAECC500FD5425 /* Project object */;
}
